
Microsoft Visual Studio Solution File, Format Version 12.00
# Visual Studio Version 17
VisualStudioVersion = 17.14.36121.58 d17.14
MinimumVisualStudioVersion = 10.0.40219.1
Project("{FAE04EC0-301F-11D3-BF4B-00C04F79EFBC}") = "Task1", "Task1\Task1.csproj", "{55E8B9E2-46AB-4C5C-8029-861D3AC86F6E}"
EndProject
Project("{FAE04EC0-301F-11D3-BF4B-00C04F79EFBC}") = "Task2", "Task2\Task2.csproj", "{9A009C81-5921-4241-B87C-8D873546DB30}"
EndProject
Global
	GlobalSection(SolutionConfigurationPlatforms) = preSolution
		Debug|Any CPU = Debug|Any CPU
		Release|Any CPU = Release|Any CPU
	EndGlobalSection
	GlobalSection(ProjectConfigurationPlatforms) = postSolution
		{55E8B9E2-46AB-4C5C-8029-861D3AC86F6E}.Debug|Any CPU.ActiveCfg = Debug|Any CPU
		{55E8B9E2-46AB-4C5C-8029-861D3AC86F6E}.Debug|Any CPU.Build.0 = Debug|Any CPU
		{55E8B9E2-46AB-4C5C-8029-861D3AC86F6E}.Release|Any CPU.ActiveCfg = Release|Any CPU
		{55E8B9E2-46AB-4C5C-8029-861D3AC86F6E}.Release|Any CPU.Build.0 = Release|Any CPU
		{9A009C81-5921-4241-B87C-8D873546DB30}.Debug|Any CPU.ActiveCfg = Debug|Any CPU
		{9A009C81-5921-4241-B87C-8D873546DB30}.Debug|Any CPU.Build.0 = Debug|Any CPU
		{9A009C81-5921-4241-B87C-8D873546DB30}.Release|Any CPU.ActiveCfg = Release|Any CPU
		{9A009C81-5921-4241-B87C-8D873546DB30}.Release|Any CPU.Build.0 = Release|Any CPU
	EndGlobalSection
	GlobalSection(SolutionProperties) = preSolution
		HideSolutionNode = FALSE
	EndGlobalSection
	GlobalSection(ExtensibilityGlobals) = postSolution
		SolutionGuid = {65427097-CD54-4305-B445-7AF318A042B6}
	EndGlobalSection
EndGlobal
