
Microsoft Visual Studio Solution File, Format Version 12.00
# Visual Studio Version 17
VisualStudioVersion = 17.13.35818.85 d17.13
MinimumVisualStudioVersion = 10.0.40219.1
Project("{FAE04EC0-301F-11D3-BF4B-00C04F79EFBC}") = "QinshiftClass09", "QinshiftClass09\QinshiftClass09.csproj", "{891F915F-DBC5-41AE-95A2-FDB42C9EEBE9}"
EndProject
Project("{FAE04EC0-301F-11D3-BF4B-00C04F79EFBC}") = "FileString", "FileString\FileString.csproj", "{CE15F938-411E-4060-9102-3AB64F7EE8B4}"
EndProject
Project("{FAE04EC0-301F-11D3-BF4B-00C04F79EFBC}") = "Exercise1", "Exercise1\Exercise1.csproj", "{083F130E-4A03-42FB-AED4-638972DF78F0}"
EndProject
Global
	GlobalSection(SolutionConfigurationPlatforms) = preSolution
		Debug|Any CPU = Debug|Any CPU
		Release|Any CPU = Release|Any CPU
	EndGlobalSection
	GlobalSection(ProjectConfigurationPlatforms) = postSolution
		{891F915F-DBC5-41AE-95A2-FDB42C9EEBE9}.Debug|Any CPU.ActiveCfg = Debug|Any CPU
		{891F915F-DBC5-41AE-95A2-FDB42C9EEBE9}.Debug|Any CPU.Build.0 = Debug|Any CPU
		{891F915F-DBC5-41AE-95A2-FDB42C9EEBE9}.Release|Any CPU.ActiveCfg = Release|Any CPU
		{891F915F-DBC5-41AE-95A2-FDB42C9EEBE9}.Release|Any CPU.Build.0 = Release|Any CPU
		{CE15F938-411E-4060-9102-3AB64F7EE8B4}.Debug|Any CPU.ActiveCfg = Debug|Any CPU
		{CE15F938-411E-4060-9102-3AB64F7EE8B4}.Debug|Any CPU.Build.0 = Debug|Any CPU
		{CE15F938-411E-4060-9102-3AB64F7EE8B4}.Release|Any CPU.ActiveCfg = Release|Any CPU
		{CE15F938-411E-4060-9102-3AB64F7EE8B4}.Release|Any CPU.Build.0 = Release|Any CPU
		{083F130E-4A03-42FB-AED4-638972DF78F0}.Debug|Any CPU.ActiveCfg = Debug|Any CPU
		{083F130E-4A03-42FB-AED4-638972DF78F0}.Debug|Any CPU.Build.0 = Debug|Any CPU
		{083F130E-4A03-42FB-AED4-638972DF78F0}.Release|Any CPU.ActiveCfg = Release|Any CPU
		{083F130E-4A03-42FB-AED4-638972DF78F0}.Release|Any CPU.Build.0 = Release|Any CPU
	EndGlobalSection
	GlobalSection(SolutionProperties) = preSolution
		HideSolutionNode = FALSE
	EndGlobalSection
	GlobalSection(ExtensibilityGlobals) = postSolution
		SolutionGuid = {C3CCCDA3-B88E-42C6-AEB3-C3FA57A76281}
	EndGlobalSection
EndGlobal
