
Microsoft Visual Studio Solution File, Format Version 12.00
# Visual Studio Version 17
VisualStudioVersion = 17.13.35818.85 d17.13
MinimumVisualStudioVersion = 10.0.40219.1
Project("{FAE04EC0-301F-11D3-BF4B-00C04F79EFBC}") = "Realcalculator", "Realcalculator\Realcalculator.csproj", "{C7B14FE8-546C-4EEB-AE7D-A0F22E91203B}"
EndProject
Global
	GlobalSection(SolutionConfigurationPlatforms) = preSolution
		Debug|Any CPU = Debug|Any CPU
		Release|Any CPU = Release|Any CPU
	EndGlobalSection
	GlobalSection(ProjectConfigurationPlatforms) = postSolution
		{C7B14FE8-546C-4EEB-AE7D-A0F22E91203B}.Debug|Any CPU.ActiveCfg = Debug|Any CPU
		{C7B14FE8-546C-4EEB-AE7D-A0F22E91203B}.Debug|Any CPU.Build.0 = Debug|Any CPU
		{C7B14FE8-546C-4EEB-AE7D-A0F22E91203B}.Release|Any CPU.ActiveCfg = Release|Any CPU
		{C7B14FE8-546C-4EEB-AE7D-A0F22E91203B}.Release|Any CPU.Build.0 = Release|Any CPU
	EndGlobalSection
	GlobalSection(SolutionProperties) = preSolution
		HideSolutionNode = FALSE
	EndGlobalSection
	GlobalSection(ExtensibilityGlobals) = postSolution
		SolutionGuid = {4839A129-FF23-4DD8-A1EB-04B32755C582}
	EndGlobalSection
EndGlobal
