
Microsoft Visual Studio Solution File, Format Version 12.00
# Visual Studio Version 17
VisualStudioVersion = 17.13.35818.85 d17.13
MinimumVisualStudioVersion = 10.0.40219.1
Project("{FAE04EC0-301F-11D3-BF4B-00C04F79EFBC}") = "AcademyManagementApp", "AcademyManagementApp\AcademyManagementApp.csproj", "{89D3B659-339C-4DB3-94D9-9B9823377199}"
EndProject
Project("{FAE04EC0-301F-11D3-BF4B-00C04F79EFBC}") = "AcademyManagement.Domain", "AcademyManagement.Domain\AcademyManagement.Domain.csproj", "{3861EC96-2278-4324-A53D-146666E768A2}"
EndProject
Project("{FAE04EC0-301F-11D3-BF4B-00C04F79EFBC}") = "AcademyManagement.Services", "AcademyManagement.Services\AcademyManagement.Services.csproj", "{CC9A255E-3038-46A4-874E-BBDA6C52732C}"
EndProject
Global
	GlobalSection(SolutionConfigurationPlatforms) = preSolution
		Debug|Any CPU = Debug|Any CPU
		Release|Any CPU = Release|Any CPU
	EndGlobalSection
	GlobalSection(ProjectConfigurationPlatforms) = postSolution
		{89D3B659-339C-4DB3-94D9-9B9823377199}.Debug|Any CPU.ActiveCfg = Debug|Any CPU
		{89D3B659-339C-4DB3-94D9-9B9823377199}.Debug|Any CPU.Build.0 = Debug|Any CPU
		{89D3B659-339C-4DB3-94D9-9B9823377199}.Release|Any CPU.ActiveCfg = Release|Any CPU
		{89D3B659-339C-4DB3-94D9-9B9823377199}.Release|Any CPU.Build.0 = Release|Any CPU
		{3861EC96-2278-4324-A53D-146666E768A2}.Debug|Any CPU.ActiveCfg = Debug|Any CPU
		{3861EC96-2278-4324-A53D-146666E768A2}.Debug|Any CPU.Build.0 = Debug|Any CPU
		{3861EC96-2278-4324-A53D-146666E768A2}.Release|Any CPU.ActiveCfg = Release|Any CPU
		{3861EC96-2278-4324-A53D-146666E768A2}.Release|Any CPU.Build.0 = Release|Any CPU
		{CC9A255E-3038-46A4-874E-BBDA6C52732C}.Debug|Any CPU.ActiveCfg = Debug|Any CPU
		{CC9A255E-3038-46A4-874E-BBDA6C52732C}.Debug|Any CPU.Build.0 = Debug|Any CPU
		{CC9A255E-3038-46A4-874E-BBDA6C52732C}.Release|Any CPU.ActiveCfg = Release|Any CPU
		{CC9A255E-3038-46A4-874E-BBDA6C52732C}.Release|Any CPU.Build.0 = Release|Any CPU
	EndGlobalSection
	GlobalSection(SolutionProperties) = preSolution
		HideSolutionNode = FALSE
	EndGlobalSection
	GlobalSection(ExtensibilityGlobals) = postSolution
		SolutionGuid = {2F1ABF9C-6F01-49DE-ABDD-88B80FA842E6}
	EndGlobalSection
EndGlobal
