
Microsoft Visual Studio Solution File, Format Version 12.00
# Visual Studio Version 17
VisualStudioVersion = 17.13.35818.85 d17.13
MinimumVisualStudioVersion = 10.0.40219.1
Project("{FAE04EC0-301F-11D3-BF4B-00C04F79EFBC}") = "DelegatesEvents", "DelegatesEvents\DelegatesEvents.csproj", "{8D7A2377-5109-484E-B6CD-3C1C315CDF87}"
EndProject
Project("{FAE04EC0-301F-11D3-BF4B-00C04F79EFBC}") = "Events", "Events\Events.csproj", "{058F9C16-8D87-4643-ACFF-464AF7D621B9}"
EndProject
Global
	GlobalSection(SolutionConfigurationPlatforms) = preSolution
		Debug|Any CPU = Debug|Any CPU
		Release|Any CPU = Release|Any CPU
	EndGlobalSection
	GlobalSection(ProjectConfigurationPlatforms) = postSolution
		{8D7A2377-5109-484E-B6CD-3C1C315CDF87}.Debug|Any CPU.ActiveCfg = Debug|Any CPU
		{8D7A2377-5109-484E-B6CD-3C1C315CDF87}.Debug|Any CPU.Build.0 = Debug|Any CPU
		{8D7A2377-5109-484E-B6CD-3C1C315CDF87}.Release|Any CPU.ActiveCfg = Release|Any CPU
		{8D7A2377-5109-484E-B6CD-3C1C315CDF87}.Release|Any CPU.Build.0 = Release|Any CPU
		{058F9C16-8D87-4643-ACFF-464AF7D621B9}.Debug|Any CPU.ActiveCfg = Debug|Any CPU
		{058F9C16-8D87-4643-ACFF-464AF7D621B9}.Debug|Any CPU.Build.0 = Debug|Any CPU
		{058F9C16-8D87-4643-ACFF-464AF7D621B9}.Release|Any CPU.ActiveCfg = Release|Any CPU
		{058F9C16-8D87-4643-ACFF-464AF7D621B9}.Release|Any CPU.Build.0 = Release|Any CPU
	EndGlobalSection
	GlobalSection(SolutionProperties) = preSolution
		HideSolutionNode = FALSE
	EndGlobalSection
	GlobalSection(ExtensibilityGlobals) = postSolution
		SolutionGuid = {2D3AE133-F20F-48A2-B48D-CD200ECEACE3}
	EndGlobalSection
EndGlobal
