
Microsoft Visual Studio Solution File, Format Version 12.00
# Visual Studio Version 17
VisualStudioVersion = 17.13.35818.85
MinimumVisualStudioVersion = 10.0.40219.1
Project("{FAE04EC0-301F-11D3-BF4B-00C04F79EFBC}") = "Class-02", "Class-02\Class-02.csproj", "{21A6489D-C959-4E09-ADAC-6C40735FCB1C}"
EndProject
Project("{FAE04EC0-301F-11D3-BF4B-00C04F79EFBC}") = "Task2", "Task2\Task2.csproj", "{52B6FFFA-4F24-4BC6-8BF7-D24E906ADD8F}"
EndProject
Project("{FAE04EC0-301F-11D3-BF4B-00C04F79EFBC}") = "Task 3", "Task 3\Task 3.csproj", "{8D1973B4-5528-4881-AF0D-30386A97CF76}"
EndProject
Project("{FAE04EC0-301F-11D3-BF4B-00C04F79EFBC}") = "Task 4", "Task 4\Task 4.csproj", "{2EE4921C-2B62-4392-84C0-B14C7C7AFB73}"
EndProject
Global
	GlobalSection(SolutionConfigurationPlatforms) = preSolution
		Debug|Any CPU = Debug|Any CPU
		Release|Any CPU = Release|Any CPU
	EndGlobalSection
	GlobalSection(ProjectConfigurationPlatforms) = postSolution
		{21A6489D-C959-4E09-ADAC-6C40735FCB1C}.Debug|Any CPU.ActiveCfg = Debug|Any CPU
		{21A6489D-C959-4E09-ADAC-6C40735FCB1C}.Debug|Any CPU.Build.0 = Debug|Any CPU
		{21A6489D-C959-4E09-ADAC-6C40735FCB1C}.Release|Any CPU.ActiveCfg = Release|Any CPU
		{21A6489D-C959-4E09-ADAC-6C40735FCB1C}.Release|Any CPU.Build.0 = Release|Any CPU
		{52B6FFFA-4F24-4BC6-8BF7-D24E906ADD8F}.Debug|Any CPU.ActiveCfg = Debug|Any CPU
		{52B6FFFA-4F24-4BC6-8BF7-D24E906ADD8F}.Debug|Any CPU.Build.0 = Debug|Any CPU
		{52B6FFFA-4F24-4BC6-8BF7-D24E906ADD8F}.Release|Any CPU.ActiveCfg = Release|Any CPU
		{52B6FFFA-4F24-4BC6-8BF7-D24E906ADD8F}.Release|Any CPU.Build.0 = Release|Any CPU
		{8D1973B4-5528-4881-AF0D-30386A97CF76}.Debug|Any CPU.ActiveCfg = Debug|Any CPU
		{8D1973B4-5528-4881-AF0D-30386A97CF76}.Debug|Any CPU.Build.0 = Debug|Any CPU
		{8D1973B4-5528-4881-AF0D-30386A97CF76}.Release|Any CPU.ActiveCfg = Release|Any CPU
		{8D1973B4-5528-4881-AF0D-30386A97CF76}.Release|Any CPU.Build.0 = Release|Any CPU
		{2EE4921C-2B62-4392-84C0-B14C7C7AFB73}.Debug|Any CPU.ActiveCfg = Debug|Any CPU
		{2EE4921C-2B62-4392-84C0-B14C7C7AFB73}.Debug|Any CPU.Build.0 = Debug|Any CPU
		{2EE4921C-2B62-4392-84C0-B14C7C7AFB73}.Release|Any CPU.ActiveCfg = Release|Any CPU
		{2EE4921C-2B62-4392-84C0-B14C7C7AFB73}.Release|Any CPU.Build.0 = Release|Any CPU
	EndGlobalSection
	GlobalSection(SolutionProperties) = preSolution
		HideSolutionNode = FALSE
	EndGlobalSection
	GlobalSection(ExtensibilityGlobals) = postSolution
		SolutionGuid = {21EEF1E0-E506-4743-9D2F-D08731626253}
	EndGlobalSection
EndGlobal
