
Microsoft Visual Studio Solution File, Format Version 12.00
# Visual Studio Version 17
VisualStudioVersion = 17.13.35818.85 d17.13
MinimumVisualStudioVersion = 10.0.40219.1
Project("{FAE04EC0-301F-11D3-BF4B-00C04F79EFBC}") = "StaticClasses", "StaticClasses\StaticClasses.csproj", "{59C9DB8C-8ED4-46E4-9041-47BF67CCCC4C}"
EndProject
Global
	GlobalSection(SolutionConfigurationPlatforms) = preSolution
		Debug|Any CPU = Debug|Any CPU
		Release|Any CPU = Release|Any CPU
	EndGlobalSection
	GlobalSection(ProjectConfigurationPlatforms) = postSolution
		{59C9DB8C-8ED4-46E4-9041-47BF67CCCC4C}.Debug|Any CPU.ActiveCfg = Debug|Any CPU
		{59C9DB8C-8ED4-46E4-9041-47BF67CCCC4C}.Debug|Any CPU.Build.0 = Debug|Any CPU
		{59C9DB8C-8ED4-46E4-9041-47BF67CCCC4C}.Release|Any CPU.ActiveCfg = Release|Any CPU
		{59C9DB8C-8ED4-46E4-9041-47BF67CCCC4C}.Release|Any CPU.Build.0 = Release|Any CPU
	EndGlobalSection
	GlobalSection(SolutionProperties) = preSolution
		HideSolutionNode = FALSE
	EndGlobalSection
	GlobalSection(ExtensibilityGlobals) = postSolution
		SolutionGuid = {66DD5FEF-19CB-4561-A7C3-68D584BCD532}
	EndGlobalSection
EndGlobal
